
Microsoft Visual Studio Solution File, Format Version 12.00
# Visual Studio Version 17
VisualStudioVersion = 17.13.35828.75
MinimumVisualStudioVersion = 10.0.40219.1
Project("{FAE04EC0-301F-11D3-BF4B-00C04F79EFBC}") = "Near_lossless_predictive_coder", "Near_lossless_predictive_coder\Near_lossless_predictive_coder.csproj", "{473E5791-DB67-4C89-8F78-1220394B860B}"
EndProject
Global
	GlobalSection(SolutionConfigurationPlatforms) = preSolution
		Debug|Any CPU = Debug|Any CPU
		Release|Any CPU = Release|Any CPU
	EndGlobalSection
	GlobalSection(ProjectConfigurationPlatforms) = postSolution
		{473E5791-DB67-4C89-8F78-1220394B860B}.Debug|Any CPU.ActiveCfg = Debug|Any CPU
		{473E5791-DB67-4C89-8F78-1220394B860B}.Debug|Any CPU.Build.0 = Debug|Any CPU
		{473E5791-DB67-4C89-8F78-1220394B860B}.Release|Any CPU.ActiveCfg = Release|Any CPU
		{473E5791-DB67-4C89-8F78-1220394B860B}.Release|Any CPU.Build.0 = Release|Any CPU
	EndGlobalSection
	GlobalSection(SolutionProperties) = preSolution
		HideSolutionNode = FALSE
	EndGlobalSection
	GlobalSection(ExtensibilityGlobals) = postSolution
		SolutionGuid = {69827F87-C4D4-4E94-BE26-B083EA646E20}
	EndGlobalSection
EndGlobal
